
Microsoft Visual Studio Solution File, Format Version 12.00
# Visual Studio Version 17
VisualStudioVersion = 17.5.33530.505
MinimumVisualStudioVersion = 10.0.40219.1
Project("{888888A0-9F3D-457C-B088-3A5042F75D52}") = "PySpark", "PySpark.pyproj", "{17D52866-449E-48C4-80C6-79E108C1CBAB}"
EndProject
Global
	GlobalSection(SolutionConfigurationPlatforms) = preSolution
		Debug|Any CPU = Debug|Any CPU
		Release|Any CPU = Release|Any CPU
	EndGlobalSection
	GlobalSection(ProjectConfigurationPlatforms) = postSolution
		{17D52866-449E-48C4-80C6-79E108C1CBAB}.Debug|Any CPU.ActiveCfg = Debug|Any CPU
		{17D52866-449E-48C4-80C6-79E108C1CBAB}.Release|Any CPU.ActiveCfg = Release|Any CPU
	EndGlobalSection
	GlobalSection(SolutionProperties) = preSolution
		HideSolutionNode = FALSE
	EndGlobalSection
	GlobalSection(ExtensibilityGlobals) = postSolution
		SolutionGuid = {9ACCE99B-2817-4FCA-AFF5-BBC96C8089E4}
	EndGlobalSection
EndGlobal
